
Microsoft Visual Studio Solution File, Format Version 12.00
# Visual Studio Version 16
VisualStudioVersion = 16.0.35229.62
MinimumVisualStudioVersion = 10.0.40219.1
Project("{FAE04EC0-301F-11D3-BF4B-00C04F79EFBC}") = "диагама", "диагама\диагама.csproj", "{4161B367-0FBD-4E3A-988D-618217CCB9BE}"
EndProject
Global
	GlobalSection(SolutionConfigurationPlatforms) = preSolution
		Debug|Any CPU = Debug|Any CPU
		Release|Any CPU = Release|Any CPU
	EndGlobalSection
	GlobalSection(ProjectConfigurationPlatforms) = postSolution
		{4161B367-0FBD-4E3A-988D-618217CCB9BE}.Debug|Any CPU.ActiveCfg = Debug|Any CPU
		{4161B367-0FBD-4E3A-988D-618217CCB9BE}.Debug|Any CPU.Build.0 = Debug|Any CPU
		{4161B367-0FBD-4E3A-988D-618217CCB9BE}.Release|Any CPU.ActiveCfg = Release|Any CPU
		{4161B367-0FBD-4E3A-988D-618217CCB9BE}.Release|Any CPU.Build.0 = Release|Any CPU
	EndGlobalSection
	GlobalSection(SolutionProperties) = preSolution
		HideSolutionNode = FALSE
	EndGlobalSection
	GlobalSection(ExtensibilityGlobals) = postSolution
		SolutionGuid = {D286BEF5-82BF-4A02-B8DA-58309C08F0A7}
	EndGlobalSection
EndGlobal
