
Microsoft Visual Studio Solution File, Format Version 12.00
# Visual Studio Version 16
VisualStudioVersion = 16.0.35229.62
MinimumVisualStudioVersion = 10.0.40219.1
Project("{FAE04EC0-301F-11D3-BF4B-00C04F79EFBC}") = "choveche-windowsFormApp", "choveche-windowsFormApp\choveche-windowsFormApp.csproj", "{306D2B6B-A661-485C-B3A8-BA9A7944F46A}"
EndProject
Global
	GlobalSection(SolutionConfigurationPlatforms) = preSolution
		Debug|Any CPU = Debug|Any CPU
		Release|Any CPU = Release|Any CPU
	EndGlobalSection
	GlobalSection(ProjectConfigurationPlatforms) = postSolution
		{306D2B6B-A661-485C-B3A8-BA9A7944F46A}.Debug|Any CPU.ActiveCfg = Debug|Any CPU
		{306D2B6B-A661-485C-B3A8-BA9A7944F46A}.Debug|Any CPU.Build.0 = Debug|Any CPU
		{306D2B6B-A661-485C-B3A8-BA9A7944F46A}.Release|Any CPU.ActiveCfg = Release|Any CPU
		{306D2B6B-A661-485C-B3A8-BA9A7944F46A}.Release|Any CPU.Build.0 = Release|Any CPU
	EndGlobalSection
	GlobalSection(SolutionProperties) = preSolution
		HideSolutionNode = FALSE
	EndGlobalSection
	GlobalSection(ExtensibilityGlobals) = postSolution
		SolutionGuid = {EB161B51-05A5-45D4-9F87-D78ADBAC57AE}
	EndGlobalSection
EndGlobal
