
Microsoft Visual Studio Solution File, Format Version 12.00
# Visual Studio Version 16
VisualStudioVersion = 16.0.35229.62
MinimumVisualStudioVersion = 10.0.40219.1
Project("{FAE04EC0-301F-11D3-BF4B-00C04F79EFBC}") = "он-лайн магазин конзола", "он-лайн магазин конзола\он-лайн магазин конзола.csproj", "{05E28FF4-86F8-445C-B233-CE4075168364}"
EndProject
Global
	GlobalSection(SolutionConfigurationPlatforms) = preSolution
		Debug|Any CPU = Debug|Any CPU
		Release|Any CPU = Release|Any CPU
	EndGlobalSection
	GlobalSection(ProjectConfigurationPlatforms) = postSolution
		{05E28FF4-86F8-445C-B233-CE4075168364}.Debug|Any CPU.ActiveCfg = Debug|Any CPU
		{05E28FF4-86F8-445C-B233-CE4075168364}.Debug|Any CPU.Build.0 = Debug|Any CPU
		{05E28FF4-86F8-445C-B233-CE4075168364}.Release|Any CPU.ActiveCfg = Release|Any CPU
		{05E28FF4-86F8-445C-B233-CE4075168364}.Release|Any CPU.Build.0 = Release|Any CPU
	EndGlobalSection
	GlobalSection(SolutionProperties) = preSolution
		HideSolutionNode = FALSE
	EndGlobalSection
	GlobalSection(ExtensibilityGlobals) = postSolution
		SolutionGuid = {ADCD0092-F17C-434D-858F-C3D8F8E2C94D}
	EndGlobalSection
EndGlobal
